
Microsoft Visual Studio Solution File, Format Version 12.00
# Visual Studio Version 17
VisualStudioVersion = 17.4.32916.344
MinimumVisualStudioVersion = 10.0.40219.1
Project("{FAE04EC0-301F-11D3-BF4B-00C04F79EFBC}") = "Challege-5", "Challege-5\Challege-5.csproj", "{1B8C10AB-1B76-42C1-9997-AC30EEB6ECC2}"
EndProject
Global
	GlobalSection(SolutionConfigurationPlatforms) = preSolution
		Debug|Any CPU = Debug|Any CPU
		Release|Any CPU = Release|Any CPU
	EndGlobalSection
	GlobalSection(ProjectConfigurationPlatforms) = postSolution
		{1B8C10AB-1B76-42C1-9997-AC30EEB6ECC2}.Debug|Any CPU.ActiveCfg = Debug|Any CPU
		{1B8C10AB-1B76-42C1-9997-AC30EEB6ECC2}.Debug|Any CPU.Build.0 = Debug|Any CPU
		{1B8C10AB-1B76-42C1-9997-AC30EEB6ECC2}.Release|Any CPU.ActiveCfg = Release|Any CPU
		{1B8C10AB-1B76-42C1-9997-AC30EEB6ECC2}.Release|Any CPU.Build.0 = Release|Any CPU
	EndGlobalSection
	GlobalSection(SolutionProperties) = preSolution
		HideSolutionNode = FALSE
	EndGlobalSection
	GlobalSection(ExtensibilityGlobals) = postSolution
		SolutionGuid = {8E7221D4-07A3-4DFD-B161-1208B34EA242}
	EndGlobalSection
EndGlobal
